// !$*UTF8*$!
{
	archiveVersion = 1;
	classes = {
	};
	objectVersion = 50;
	objects = {

/* Begin PBXBuildFile section */
		E919A45526555E94006E5B9B /* AppDelegate.swift in Sources */ = {isa = PBXBuildFile; fileRef = E919A45426555E94006E5B9B /* AppDelegate.swift */; };
		E919A45726555E94006E5B9B /* SceneDelegate.swift in Sources */ = {isa = PBXBuildFile; fileRef = E919A45626555E94006E5B9B /* SceneDelegate.swift */; };
		E919A45926555E94006E5B9B /* ViewController.swift in Sources */ = {isa = PBXBuildFile; fileRef = E919A45826555E94006E5B9B /* ViewController.swift */; };
		E919A45C26555E94006E5B9B /* Main.storyboard in Resources */ = {isa = PBXBuildFile; fileRef = E919A45A26555E94006E5B9B /* Main.storyboard */; };
		E919A45E26555E95006E5B9B /* Assets.xcassets in Resources */ = {isa = PBXBuildFile; fileRef = E919A45D26555E95006E5B9B /* Assets.xcassets */; };
		E919A46126555E95006E5B9B /* LaunchScreen.storyboard in Resources */ = {isa = PBXBuildFile; fileRef = E919A45F26555E95006E5B9B /* LaunchScreen.storyboard */; };
		E919A46E26556102006E5B9B /* ResultViewController.swift in Sources */ = {isa = PBXBuildFile; fileRef = E919A46D26556102006E5B9B /* ResultViewController.swift */; };
		E93E3F0B265A83E000C8570E /* kiyomizu-yoru.jpeg in Resources */ = {isa = PBXBuildFile; fileRef = E93E3F0A265A83E000C8570E /* kiyomizu-yoru.jpeg */; };
		E93E3F0E265A83F000C8570E /* kiyomizu-aki.jpeg in Resources */ = {isa = PBXBuildFile; fileRef = E93E3F0D265A83F000C8570E /* kiyomizu-aki.jpeg */; };
		E93E3F11265A840500C8570E /* kiyomizu-huyu.jpeg in Resources */ = {isa = PBXBuildFile; fileRef = E93E3F10265A840500C8570E /* kiyomizu-huyu.jpeg */; };
/* End PBXBuildFile section */

/* Begin PBXFileReference section */
		E919A45126555E94006E5B9B /* SlideshowApp.app */ = {isa = PBXFileReference; explicitFileType = wrapper.application; includeInIndex = 0; path = SlideshowApp.app; sourceTree = BUILT_PRODUCTS_DIR; };
		E919A45426555E94006E5B9B /* AppDelegate.swift */ = {isa = PBXFileReference; lastKnownFileType = sourcecode.swift; path = AppDelegate.swift; sourceTree = "<group>"; };
		E919A45626555E94006E5B9B /* SceneDelegate.swift */ = {isa = PBXFileReference; lastKnownFileType = sourcecode.swift; path = SceneDelegate.swift; sourceTree = "<group>"; };
		E919A45826555E94006E5B9B /* ViewController.swift */ = {isa = PBXFileReference; lastKnownFileType = sourcecode.swift; path = ViewController.swift; sourceTree = "<group>"; };
		E919A45B26555E94006E5B9B /* Base */ = {isa = PBXFileReference; lastKnownFileType = file.storyboard; name = Base; path = Base.lproj/Main.storyboard; sourceTree = "<group>"; };
		E919A45D26555E95006E5B9B /* Assets.xcassets */ = {isa = PBXFileReference; lastKnownFileType = folder.assetcatalog; path = Assets.xcassets; sourceTree = "<group>"; };
		E919A46026555E95006E5B9B /* Base */ = {isa = PBXFileReference; lastKnownFileType = file.storyboard; name = Base; path = Base.lproj/LaunchScreen.storyboard; sourceTree = "<group>"; };
		E919A46226555E95006E5B9B /* Info.plist */ = {isa = PBXFileReference; lastKnownFileType = text.plist.xml; path = Info.plist; sourceTree = "<group>"; };
		E919A46D26556102006E5B9B /* ResultViewController.swift */ = {isa = PBXFileReference; lastKnownFileType = sourcecode.swift; path = ResultViewController.swift; sourceTree = "<group>"; };
		E93E3F0A265A83E000C8570E /* kiyomizu-yoru.jpeg */ = {isa = PBXFileReference; lastKnownFileType = image.jpeg; path = "kiyomizu-yoru.jpeg"; sourceTree = "<group>"; };
		E93E3F0D265A83F000C8570E /* kiyomizu-aki.jpeg */ = {isa = PBXFileReference; lastKnownFileType = image.jpeg; path = "kiyomizu-aki.jpeg"; sourceTree = "<group>"; };
		E93E3F10265A840500C8570E /* kiyomizu-huyu.jpeg */ = {isa = PBXFileReference; lastKnownFileType = image.jpeg; path = "kiyomizu-huyu.jpeg"; sourceTree = "<group>"; };
/* End PBXFileReference section */

/* Begin PBXFrameworksBuildPhase section */
		E919A44E26555E94006E5B9B /* Frameworks */ = {
			isa = PBXFrameworksBuildPhase;
			buildActionMask = 2147483647;
			files = (
			);
			runOnlyForDeploymentPostprocessing = 0;
		};
/* End PBXFrameworksBuildPhase section */

/* Begin PBXGroup section */
		E919A44826555E94006E5B9B = {
			isa = PBXGroup;
			children = (
				E919A45326555E94006E5B9B /* SlideshowApp */,
				E919A45226555E94006E5B9B /* Products */,
			);
			sourceTree = "<group>";
		};
		E919A45226555E94006E5B9B /* Products */ = {
			isa = PBXGroup;
			children = (
				E919A45126555E94006E5B9B /* SlideshowApp.app */,
			);
			name = Products;
			sourceTree = "<group>";
		};
		E919A45326555E94006E5B9B /* SlideshowApp */ = {
			isa = PBXGroup;
			children = (
				E919A45426555E94006E5B9B /* AppDelegate.swift */,
				E919A45626555E94006E5B9B /* SceneDelegate.swift */,
				E919A45826555E94006E5B9B /* ViewController.swift */,
				E919A46D26556102006E5B9B /* ResultViewController.swift */,
				E919A45A26555E94006E5B9B /* Main.storyboard */,
				E919A45D26555E95006E5B9B /* Assets.xcassets */,
				E919A45F26555E95006E5B9B /* LaunchScreen.storyboard */,
				E919A46226555E95006E5B9B /* Info.plist */,
				E93E3F0A265A83E000C8570E /* kiyomizu-yoru.jpeg */,
				E93E3F0D265A83F000C8570E /* kiyomizu-aki.jpeg */,
				E93E3F10265A840500C8570E /* kiyomizu-huyu.jpeg */,
			);
			path = SlideshowApp;
			sourceTree = "<group>";
		};
/* End PBXGroup section */

/* Begin PBXNativeTarget section */
		E919A45026555E94006E5B9B /* SlideshowApp */ = {
			isa = PBXNativeTarget;
			buildConfigurationList = E919A46526555E95006E5B9B /* Build configuration list for PBXNativeTarget "SlideshowApp" */;
			buildPhases = (
				E919A44D26555E94006E5B9B /* Sources */,
				E919A44E26555E94006E5B9B /* Frameworks */,
				E919A44F26555E94006E5B9B /* Resources */,
			);
			buildRules = (
			);
			dependencies = (
			);
			name = SlideshowApp;
			productName = SlideshowApp;
			productReference = E919A45126555E94006E5B9B /* SlideshowApp.app */;
			productType = "com.apple.product-type.application";
		};
/* End PBXNativeTarget section */

/* Begin PBXProject section */
		E919A44926555E94006E5B9B /* Project object */ = {
			isa = PBXProject;
			attributes = {
				LastSwiftUpdateCheck = 1220;
				LastUpgradeCheck = 1220;
				TargetAttributes = {
					E919A45026555E94006E5B9B = {
						CreatedOnToolsVersion = 12.2;
					};
				};
			};
			buildConfigurationList = E919A44C26555E94006E5B9B /* Build configuration list for PBXProject "SlideshowApp" */;
			compatibilityVersion = "Xcode 9.3";
			developmentRegion = en;
			hasScannedForEncodings = 0;
			knownRegions = (
				en,
				Base,
			);
			mainGroup = E919A44826555E94006E5B9B;
			productRefGroup = E919A45226555E94006E5B9B /* Products */;
			projectDirPath = "";
			projectRoot = "";
			targets = (
				E919A45026555E94006E5B9B /* SlideshowApp */,
			);
		};
/* End PBXProject section */

/* Begin PBXResourcesBuildPhase section */
		E919A44F26555E94006E5B9B /* Resources */ = {
			isa = PBXResourcesBuildPhase;
			buildActionMask = 2147483647;
			files = (
				E919A46126555E95006E5B9B /* LaunchScreen.storyboard in Resources */,
				E93E3F11265A840500C8570E /* kiyomizu-huyu.jpeg in Resources */,
				E919A45E26555E95006E5B9B /* Assets.xcassets in Resources */,
				E93E3F0E265A83F000C8570E /* kiyomizu-aki.jpeg in Resources */,
				E919A45C26555E94006E5B9B /* Main.storyboard in Resources */,
				E93E3F0B265A83E000C8570E /* kiyomizu-yoru.jpeg in Resources */,
			);
			runOnlyForDeploymentPostprocessing = 0;
		};
/* End PBXResourcesBuildPhase section */

/* Begin PBXSourcesBuildPhase section */
		E919A44D26555E94006E5B9B /* Sources */ = {
			isa = PBXSourcesBuildPhase;
			buildActionMask = 2147483647;
			files = (
				E919A45926555E94006E5B9B /* ViewController.swift in Sources */,
				E919A45526555E94006E5B9B /* AppDelegate.swift in Sources */,
				E919A45726555E94006E5B9B /* SceneDelegate.swift in Sources */,
				E919A46E26556102006E5B9B /* ResultViewController.swift in Sources */,
			);
			runOnlyForDeploymentPostprocessing = 0;
		};
/* End PBXSourcesBuildPhase section */

/* Begin PBXVariantGroup section */
		E919A45A26555E94006E5B9B /* Main.storyboard */ = {
			isa = PBXVariantGroup;
			children = (
				E919A45B26555E94006E5B9B /* Base */,
			);
			name = Main.storyboard;
			sourceTree = "<group>";
		};
		E919A45F26555E95006E5B9B /* LaunchScreen.storyboard */ = {
			isa = PBXVariantGroup;
			children = (
				E919A46026555E95006E5B9B /* Base */,
			);
			name = LaunchScreen.storyboard;
			sourceTree = "<group>";
		};
/* End PBXVariantGroup section */

/* Begin XCBuildConfiguration section */
		E919A46326555E95006E5B9B /* Debug */ = {
			isa = XCBuildConfiguration;
			buildSettings = {
				ALWAYS_SEARCH_USER_PATHS = NO;
				CLANG_ANALYZER_NONNULL = YES;
				CLANG_ANALYZER_NUMBER_OBJECT_CONVERSION = YES_AGGRESSIVE;
				CLANG_CXX_LANGUAGE_STANDARD = "gnu++14";
				CLANG_CXX_LIBRARY = "libc++";
				CLANG_ENABLE_MODULES = YES;
				CLANG_ENABLE_OBJC_ARC = YES;
				CLANG_ENABLE_OBJC_WEAK = YES;
				CLANG_WARN_BLOCK_CAPTURE_AUTORELEASING = YES;
				CLANG_WARN_BOOL_CONVERSION = YES;
				CLANG_WARN_COMMA = YES;
				CLANG_WARN_CONSTANT_CONVERSION = YES;
				CLANG_WARN_DEPRECATED_OBJC_IMPLEMENTATIONS = YES;
				CLANG_WARN_DIRECT_OBJC_ISA_USAGE = YES_ERROR;
				CLANG_WARN_DOCUMENTATION_COMMENTS = YES;
				CLANG_WARN_EMPTY_BODY = YES;
				CLANG_WARN_ENUM_CONVERSION = YES;
				CLANG_WARN_INFINITE_RECURSION = YES;
				CLANG_WARN_INT_CONVERSION = YES;
				CLANG_WARN_NON_LITERAL_NULL_CONVERSION = YES;
				CLANG_WARN_OBJC_IMPLICIT_RETAIN_SELF = YES;
				CLANG_WARN_OBJC_LITERAL_CONVERSION = YES;
				CLANG_WARN_OBJC_ROOT_CLASS = YES_ERROR;
				CLANG_WARN_QUOTED_INCLUDE_IN_FRAMEWORK_HEADER = YES;
				CLANG_WARN_RANGE_LOOP_ANALYSIS = YES;
				CLANG_WARN_STRICT_PROTOTYPES = YES;
				CLANG_WARN_SUSPICIOUS_MOVE = YES;
				CLANG_WARN_UNGUARDED_AVAILABILITY = YES_AGGRESSIVE;
				CLANG_WARN_UNREACHABLE_CODE = YES;
				CLANG_WARN__DUPLICATE_METHOD_MATCH = YES;
				COPY_PHASE_STRIP = NO;
				DEBUG_INFORMATION_FORMAT = dwarf;
				ENABLE_STRICT_OBJC_MSGSEND = YES;
				ENABLE_TESTABILITY = YES;
				GCC_C_LANGUAGE_STANDARD = gnu11;
				GCC_DYNAMIC_NO_PIC = NO;
				GCC_NO_COMMON_BLOCKS = YES;
				GCC_OPTIMIZATION_LEVEL = 0;
				GCC_PREPROCESSOR_DEFINITIONS = (
					"DEBUG=1",
					"$(inherited)",
				);
				GCC_WARN_64_TO_32_BIT_CONVERSION = YES;
				GCC_WARN_ABOUT_RETURN_TYPE = YES_ERROR;
				GCC_WARN_UNDECLARED_SELECTOR = YES;
				GCC_WARN_UNINITIALIZED_AUTOS = YES_AGGRESSIVE;
				GCC_WARN_UNUSED_FUNCTION = YES;
				GCC_WARN_UNUSED_VARIABLE = YES;
				IPHONEOS_DEPLOYMENT_TARGET = 14.2;
				MTL_ENABLE_DEBUG_INFO = INCLUDE_SOURCE;
				MTL_FAST_MATH = YES;
				ONLY_ACTIVE_ARCH = YES;
				SDKROOT = iphoneos;
				SWIFT_ACTIVE_COMPILATION_CONDITIONS = DEBUG;
				SWIFT_OPTIMIZATION_LEVEL = "-Onone";
			};
			name = Debug;
		};
		E919A46426555E95006E5B9B /* Release */ = {
			isa = XCBuildConfiguration;
			buildSettings = {
				ALWAYS_SEARCH_USER_PATHS = NO;
				CLANG_ANALYZER_NONNULL = YES;
				CLANG_ANALYZER_NUMBER_OBJECT_CONVERSION = YES_AGGRESSIVE;
				CLANG_CXX_LANGUAGE_STANDARD = "gnu++14";
				CLANG_CXX_LIBRARY = "libc++";
				CLANG_ENABLE_MODULES = YES;
				CLANG_ENABLE_OBJC_ARC = YES;
				CLANG_ENABLE_OBJC_WEAK = YES;
				CLANG_WARN_BLOCK_CAPTURE_AUTORELEASING = YES;
				CLANG_WARN_BOOL_CONVERSION = YES;
				CLANG_WARN_COMMA = YES;
				CLANG_WARN_CONSTANT_CONVERSION = YES;
				CLANG_WARN_DEPRECATED_OBJC_IMPLEMENTATIONS = YES;
				CLANG_WARN_DIRECT_OBJC_ISA_USAGE = YES_ERROR;
				CLANG_WARN_DOCUMENTATION_COMMENTS = YES;
				CLANG_WARN_EMPTY_BODY = YES;
				CLANG_WARN_ENUM_CONVERSION = YES;
				CLANG_WARN_INFINITE_RECURSION = YES;
				CLANG_WARN_INT_CONVERSION = YES;
				CLANG_WARN_NON_LITERAL_NULL_CONVERSION = YES;
				CLANG_WARN_OBJC_IMPLICIT_RETAIN_SELF = YES;
				CLANG_WARN_OBJC_LITERAL_CONVERSION = YES;
				CLANG_WARN_OBJC_ROOT_CLASS = YES_ERROR;
				CLANG_WARN_QUOTED_INCLUDE_IN_FRAMEWORK_HEADER = YES;
				CLANG_WARN_RANGE_LOOP_ANALYSIS = YES;
				CLANG_WARN_STRICT_PROTOTYPES = YES;
				CLANG_WARN_SUSPICIOUS_MOVE = YES;
				CLANG_WARN_UNGUARDED_AVAILABILITY = YES_AGGRESSIVE;
				CLANG_WARN_UNREACHABLE_CODE = YES;
				CLANG_WARN__DUPLICATE_METHOD_MATCH = YES;
				COPY_PHASE_STRIP = NO;
				DEBUG_INFORMATION_FORMAT = "dwarf-with-dsym";
				ENABLE_NS_ASSERTIONS = NO;
				ENABLE_STRICT_OBJC_MSGSEND = YES;
				GCC_C_LANGUAGE_STANDARD = gnu11;
				GCC_NO_COMMON_BLOCKS = YES;
				GCC_WARN_64_TO_32_BIT_CONVERSION = YES;
				GCC_WARN_ABOUT_RETURN_TYPE = YES_ERROR;
				GCC_WARN_UNDECLARED_SELECTOR = YES;
				GCC_WARN_UNINITIALIZED_AUTOS = YES_AGGRESSIVE;
				GCC_WARN_UNUSED_FUNCTION = YES;
				GCC_WARN_UNUSED_VARIABLE = YES;
				IPHONEOS_DEPLOYMENT_TARGET = 14.2;
				MTL_ENABLE_DEBUG_INFO = NO;
				MTL_FAST_MATH = YES;
				SDKROOT = iphoneos;
				SWIFT_COMPILATION_MODE = wholemodule;
				SWIFT_OPTIMIZATION_LEVEL = "-O";
				VALIDATE_PRODUCT = YES;
			};
			name = Release;
		};
		E919A46626555E95006E5B9B /* Debug */ = {
			isa = XCBuildConfiguration;
			buildSettings = {
				ASSETCATALOG_COMPILER_APPICON_NAME = AppIcon;
				ASSETCATALOG_COMPILER_GLOBAL_ACCENT_COLOR_NAME = AccentColor;
				CODE_SIGN_STYLE = Automatic;
				INFOPLIST_FILE = SlideshowApp/Info.plist;
				LD_RUNPATH_SEARCH_PATHS = (
					"$(inherited)",
					"@executable_path/Frameworks",
				);
				PRODUCT_BUNDLE_IDENTIFIER = jp.techacademy.y.hiroyuki.SlideshowApp;
				PRODUCT_NAME = "$(TARGET_NAME)";
				SWIFT_VERSION = 5.0;
				TARGETED_DEVICE_FAMILY = "1,2";
			};
			name = Debug;
		};
		E919A46726555E95006E5B9B /* Release */ = {
			isa = XCBuildConfiguration;
			buildSettings = {
				ASSETCATALOG_COMPILER_APPICON_NAME = AppIcon;
				ASSETCATALOG_COMPILER_GLOBAL_ACCENT_COLOR_NAME = AccentColor;
				CODE_SIGN_STYLE = Automatic;
				INFOPLIST_FILE = SlideshowApp/Info.plist;
				LD_RUNPATH_SEARCH_PATHS = (
					"$(inherited)",
					"@executable_path/Frameworks",
				);
				PRODUCT_BUNDLE_IDENTIFIER = jp.techacademy.y.hiroyuki.SlideshowApp;
				PRODUCT_NAME = "$(TARGET_NAME)";
				SWIFT_VERSION = 5.0;
				TARGETED_DEVICE_FAMILY = "1,2";
			};
			name = Release;
		};
/* End XCBuildConfiguration section */

/* Begin XCConfigurationList section */
		E919A44C26555E94006E5B9B /* Build configuration list for PBXProject "SlideshowApp" */ = {
			isa = XCConfigurationList;
			buildConfigurations = (
				E919A46326555E95006E5B9B /* Debug */,
				E919A46426555E95006E5B9B /* Release */,
			);
			defaultConfigurationIsVisible = 0;
			defaultConfigurationName = Release;
		};
		E919A46526555E95006E5B9B /* Build configuration list for PBXNativeTarget "SlideshowApp" */ = {
			isa = XCConfigurationList;
			buildConfigurations = (
				E919A46626555E95006E5B9B /* Debug */,
				E919A46726555E95006E5B9B /* Release */,
			);
			defaultConfigurationIsVisible = 0;
			defaultConfigurationName = Release;
		};
/* End XCConfigurationList section */
	};
	rootObject = E919A44926555E94006E5B9B /* Project object */;
}
